// !$*UTF8*$!
{
	archiveVersion = 1;
	classes = {
	};
	objectVersion = 46;
	objects = {
/* Begin PBXBuildFile section */
		858B842D18CA22B800AB12DE /* InfoPlist.strings in Resources */ = {isa = PBXBuildFile; fileRef = 858B833A18CA111C00AB12DE /* InfoPlist.strings */; };
		CD45EE7C18DC2D5800FB50C0 /* app in Resources */ = {isa = PBXBuildFile; fileRef = CD45EE7A18DC2D5800FB50C0 /* app */; };
		CD62955D1BB2678900AE3A93 /* main.m in Sources */ = {isa = PBXBuildFile; fileRef = CD62955C1BB2678900AE3A93 /* main.m */; };
		380300299A9041CABC2764A4 /* Assets.xcassets in Resources */ = {isa = PBXBuildFile; fileRef = 642019FFC8FF4E8E9A575F90 /* Assets.xcassets */; };
		BB6C9EABC07443778CD06A3B /* LaunchScreen.storyboard in Resources */ = {isa = PBXBuildFile; fileRef = 7A7B0729E3DD4CC28098FD0D /* LaunchScreen.storyboard */; };
		FCDD038CFC89434C9EF25404 /* add.png in Resources */ = {isa = PBXBuildFile; fileRef = 0E7655FCA6344FF0985654D2 /* add.png */; };
		787A36A77E7845DABB70E34C /* add@2x.png in Resources */ = {isa = PBXBuildFile; fileRef = D61682828AD8486BA77C13ED /* add@2x.png */; };
		C7DAD0F29CB94DA0AFB47DF4 /* add@3x.png in Resources */ = {isa = PBXBuildFile; fileRef = 33F186E919384023835D6A9F /* add@3x.png */; };
		1A31CD5DF6D24B529AFF8A4E /* apple.png in Resources */ = {isa = PBXBuildFile; fileRef = BE768CA31D604503868C0336 /* apple.png */; };
		9A2765EF98314AE99A674243 /* apple@2x.png in Resources */ = {isa = PBXBuildFile; fileRef = 57E80D82AA934982A07E3E4E /* apple@2x.png */; };
		60721C8DA0BF4375A2D2D341 /* apple@3x.png in Resources */ = {isa = PBXBuildFile; fileRef = 456CCE42382348F0B5E4E521 /* apple@3x.png */; };
		6204FABC696C4FA7ADB53C75 /* banana.png in Resources */ = {isa = PBXBuildFile; fileRef = 6C44178E1B524B7D9FCEC621 /* banana.png */; };
		73BC144CA89C406D8613DDB1 /* banana@2x.png in Resources */ = {isa = PBXBuildFile; fileRef = 1485F9ED9F784C1EA8434F96 /* banana@2x.png */; };
		E354ACEDBB4145029A59A804 /* banana@3x.png in Resources */ = {isa = PBXBuildFile; fileRef = DEB20DA099C1448FBA881C4B /* banana@3x.png */; };
		85ED52C19FDD44199632E8B9 /* bg_inner.jpg in Resources */ = {isa = PBXBuildFile; fileRef = 0123C37BA66D4E16A28F5789 /* bg_inner.jpg */; };
		BAF3BF9F8B904792A1F2D785 /* bg_inner@2x.jpg in Resources */ = {isa = PBXBuildFile; fileRef = E726FFD1D45D4548951889FD /* bg_inner@2x.jpg */; };
		64CB18A1C5004173872FEA4C /* bg_inner@3x.jpg in Resources */ = {isa = PBXBuildFile; fileRef = CB820E36BC7D483F86EAF30A /* bg_inner@3x.jpg */; };
		368527E4839D4312A802053F /* bg_login.jpg in Resources */ = {isa = PBXBuildFile; fileRef = 9E4C53770DC2435CA7BE0B4F /* bg_login.jpg */; };
		57DD42F9BCD6495A82607821 /* bg_login@2x.jpg in Resources */ = {isa = PBXBuildFile; fileRef = 0D158C4FBAEA4C5E861CECA2 /* bg_login@2x.jpg */; };
		110BB5C2EDFA4489BA2BB19F /* bg_login@3x.jpg in Resources */ = {isa = PBXBuildFile; fileRef = 6AAD8B0034EB4D68B0B295D5 /* bg_login@3x.jpg */; };
		57F9BDA32886401E9FC0961E /* build.xcconfig in Resources */ = {isa = PBXBuildFile; fileRef = F714481254304EDFA4304C67 /* build.xcconfig */; };
		6C1F575AA6604B94940321F4 /* checked.png in Resources */ = {isa = PBXBuildFile; fileRef = 0B4979EECC334EB786E143D0 /* checked.png */; };
		CA63BB19901848CCB16C47D4 /* checked@2x.png in Resources */ = {isa = PBXBuildFile; fileRef = 7CB3D91A6CB941089CA5DEAF /* checked@2x.png */; };
		A49AFDEB7B66425D9B714038 /* checked@3x.png in Resources */ = {isa = PBXBuildFile; fileRef = 5C305F473B8F4C8CA5624966 /* checked@3x.png */; };
		40E1FBD297E4448DB5C1A316 /* checked_white.png in Resources */ = {isa = PBXBuildFile; fileRef = F8F71E112B8D484F88472517 /* checked_white.png */; };
		35C6D25E117344748A7A59D4 /* checked_white@2x.png in Resources */ = {isa = PBXBuildFile; fileRef = 0C470DF3653248B095747279 /* checked_white@2x.png */; };
		919326E6317B4DF599D5CA65 /* checked_white@3x.png in Resources */ = {isa = PBXBuildFile; fileRef = 034E38C8AA124F8DA20E1016 /* checked_white@3x.png */; };
		F1133A9621F84244A67DD535 /* delete.png in Resources */ = {isa = PBXBuildFile; fileRef = 75A634413F104CA08031F761 /* delete.png */; };
		94C5DB785F614D31B9E2DBEA /* delete@2x.png in Resources */ = {isa = PBXBuildFile; fileRef = F9439D79D3F140448597EB0E /* delete@2x.png */; };
		2536D8769E3346CAA8663AC1 /* delete@3x.png in Resources */ = {isa = PBXBuildFile; fileRef = D6A948E80B3A49C9ABD2BC61 /* delete@3x.png */; };
		C0C48B6881F04CC6B48B1872 /* logo_login.png in Resources */ = {isa = PBXBuildFile; fileRef = 4486CC47ABA141D987BEE5E3 /* logo_login.png */; };
		7F997103BA9C4294A5628322 /* logo_login@2x.png in Resources */ = {isa = PBXBuildFile; fileRef = DC83F68F500B4CCC9CDA4994 /* logo_login@2x.png */; };
		F661C25F5A44403A8AD4E3C2 /* logo_login@3x.png in Resources */ = {isa = PBXBuildFile; fileRef = 5019F68A4EFD480285B98B73 /* logo_login@3x.png */; };
		3E295A271F104643AA427D65 /* logo_signup.png in Resources */ = {isa = PBXBuildFile; fileRef = 5154AA527B824AB680526B31 /* logo_signup.png */; };
		E5230920F40049179828169E /* logo_signup@2x.png in Resources */ = {isa = PBXBuildFile; fileRef = F177AE3696054F2FA770B6A3 /* logo_signup@2x.png */; };
		40C5FD220FE74BAA871D0FCB /* logo_signup@3x.png in Resources */ = {isa = PBXBuildFile; fileRef = C139E77A62B44E7CA289CBB4 /* logo_signup@3x.png */; };
		8828507CAC924B40A486603F /* menu.png in Resources */ = {isa = PBXBuildFile; fileRef = 03B89AEE44E049A786B2F227 /* menu.png */; };
		7B120B8A3D2146A08B845B0D /* menu@2x.png in Resources */ = {isa = PBXBuildFile; fileRef = B2BB27050F7F4D0CA675122A /* menu@2x.png */; };
		F141ED293D064710AB86B024 /* menu@3x.png in Resources */ = {isa = PBXBuildFile; fileRef = 23C16DEF4949401797E13D6C /* menu@3x.png */; };
		1AE80FA68DA44158A985C3B1 /* nonselected.png in Resources */ = {isa = PBXBuildFile; fileRef = 923649FAA52247B6AACC1D2A /* nonselected.png */; };
		36C97F65E7C24ED684D13682 /* nonselected@2x.png in Resources */ = {isa = PBXBuildFile; fileRef = 276039F1EAB8411CAEAE4BBA /* nonselected@2x.png */; };
		7A1A6E8446194F68AEE0ED67 /* nonselected@3x.png in Resources */ = {isa = PBXBuildFile; fileRef = C1DDE8F49BD840558281B2C6 /* nonselected@3x.png */; };
		6E63E0E325A145C39BE38ED4 /* pear.png in Resources */ = {isa = PBXBuildFile; fileRef = 245819A023134453B1DB9C7D /* pear.png */; };
		5B4BB59422C14808A8451065 /* pear@2x.png in Resources */ = {isa = PBXBuildFile; fileRef = 0D4689989A094E7ABDBAFDDD /* pear@2x.png */; };
		B734AF5907C24A3A9F06CEEC /* pear@3x.png in Resources */ = {isa = PBXBuildFile; fileRef = C2AA3C2C0CDD4978935BE3D0 /* pear@3x.png */; };
		5031CA079F414ACD9C5A430E /* recent.png in Resources */ = {isa = PBXBuildFile; fileRef = 98B98B4C536A434F8137FB6A /* recent.png */; };
		C4D80924CA5E4AD3B7B9890B /* recent@2x.png in Resources */ = {isa = PBXBuildFile; fileRef = 5BCDCD5721D84E17BC91C364 /* recent@2x.png */; };
		04B0508E07CB4E9494EDFD1D /* recent@3x.png in Resources */ = {isa = PBXBuildFile; fileRef = BED0D1D2C0D7440484263B19 /* recent@3x.png */; };
		D249073D8235423D8CB922A8 /* selected.png in Resources */ = {isa = PBXBuildFile; fileRef = 480BC4242AA140CF9B34B10F /* selected.png */; };
		1D70EC302A1143748F5A1E48 /* selected@2x.png in Resources */ = {isa = PBXBuildFile; fileRef = 0F1C1BA06E3F4BDAB41297C7 /* selected@2x.png */; };
		55ED556939174C7AB2163D34 /* selected@3x.png in Resources */ = {isa = PBXBuildFile; fileRef = 5087C163B59744AAA9101A6A /* selected@3x.png */; };
		58832A59DF954481A94B7BCA /* unchecked.png in Resources */ = {isa = PBXBuildFile; fileRef = A75297E557234B90BF26BF25 /* unchecked.png */; };
		6B72A882D92F4524B61CAB97 /* unchecked@2x.png in Resources */ = {isa = PBXBuildFile; fileRef = DE625F1DDC6E434ABB83813A /* unchecked@2x.png */; };
		C624D96C927146EE9731E378 /* unchecked@3x.png in Resources */ = {isa = PBXBuildFile; fileRef = E3E1BAC39A9947FD9BA84415 /* unchecked@3x.png */; };
		80BF448274D8475789EF3EF3 /* unchecked_white.png in Resources */ = {isa = PBXBuildFile; fileRef = 6B485BA5F9CE4178BD194500 /* unchecked_white.png */; };
		2CA85862589E42739540ED98 /* unchecked_white@2x.png in Resources */ = {isa = PBXBuildFile; fileRef = 3A6C661C3129471BAC8A7594 /* unchecked_white@2x.png */; };
		739639C804864778B1FAB190 /* unchecked_white@3x.png in Resources */ = {isa = PBXBuildFile; fileRef = E96FAF1CFD4340D5A9194E30 /* unchecked_white@3x.png */; };
		5D7B128956E248E38EA3704B /* NativeScriptEmbedder.h in Resources */ = {isa = PBXBuildFile; fileRef = E3E9F8AA40BE473FBF15D378 /* NativeScriptEmbedder.h */; };
		4C786E50CB7C4E14B101E12D /* NativeScriptEmbedder.m in Sources */ = {isa = PBXBuildFile; fileRef = E1ED6D4F94574A92B92872ED /* NativeScriptEmbedder.m */; };
		F7D86E01CA9C4937B828F9F7 /* TNSWidgets.framework in Frameworks */ = {isa = PBXBuildFile; fileRef = 9F8C28721BE74FDF99210016 /* TNSWidgets.framework */; };
		F2251ED008B84FDCA9FD1AF0 /* TNSWidgets.framework in Embed Frameworks */ = {isa = PBXBuildFile; fileRef = 9F8C28721BE74FDF99210016 /* TNSWidgets.framework */; settings = {ATTRIBUTES = (CodeSignOnCopy, RemoveHeadersOnCopy, ); }; };
/* End PBXBuildFile section */

/* Begin PBXCopyFilesBuildPhase section */
		85F5BDFC1A9363BE006B9701 /* Embed Frameworks */ = {
			isa = PBXCopyFilesBuildPhase;
			buildActionMask = 2147483647;
			dstPath = "";
			dstSubfolderSpec = 10;
			files = (
				F2251ED008B84FDCA9FD1AF0 /* TNSWidgets.framework in Embed Frameworks */,
			);
			name = "Embed Frameworks";
			runOnlyForDeploymentPostprocessing = 0;
		};
/* End PBXCopyFilesBuildPhase section */

/* Begin PBXFileReference section */
		858B832E18CA111C00AB12DE /* Groceries.app */ = {isa = PBXFileReference; explicitFileType = wrapper.application; includeInIndex = 0; path = Groceries.app; sourceTree = BUILT_PRODUCTS_DIR; };
		858B833918CA111C00AB12DE /* Groceries-Info.plist */ = {isa = PBXFileReference; lastKnownFileType = text.plist.xml; path = "Groceries-Info.plist"; sourceTree = "<group>"; };
		858B833B18CA111C00AB12DE /* en */ = {isa = PBXFileReference; lastKnownFileType = text.plist.strings; name = en; path = en.lproj/InfoPlist.strings; sourceTree = "<group>"; };
		858B833F18CA111C00AB12DE /* Groceries-Prefix.pch */ = {isa = PBXFileReference; lastKnownFileType = sourcecode.c.h; path = "Groceries-Prefix.pch"; sourceTree = "<group>"; };
		858B843318CA22B800AB12DE /* Groceries.app */ = {isa = PBXFileReference; explicitFileType = wrapper.application; includeInIndex = 0; path = Groceries.app; sourceTree = BUILT_PRODUCTS_DIR; };
		CD45EE7A18DC2D5800FB50C0 /* app */ = {isa = PBXFileReference; lastKnownFileType = folder; path = app; sourceTree = "<group>"; };
		CD62955C1BB2678900AE3A93 /* main.m */ = {isa = PBXFileReference; fileEncoding = 4; lastKnownFileType = sourcecode.c.objc; name = main.m; path = internal/main.m; sourceTree = SOURCE_ROOT; };
		CDD59A261BB43B5D00EC2671 /* build-debug.xcconfig */ = {isa = PBXFileReference; fileEncoding = 4; lastKnownFileType = text.xcconfig; path = "build-debug.xcconfig"; sourceTree = "<group>"; };
		CDD59A271BB43B5D00EC2671 /* build-release.xcconfig */ = {isa = PBXFileReference; fileEncoding = 4; lastKnownFileType = text.xcconfig; path = "build-release.xcconfig"; sourceTree = "<group>"; };
		CDF4743E1BA4855C0087EA85 /* build.xcconfig */ = {isa = PBXFileReference; fileEncoding = 4; lastKnownFileType = text.xcconfig; path = build.xcconfig; sourceTree = "<group>"; };
		642019FFC8FF4E8E9A575F90 /* Assets.xcassets */ = {isa = PBXFileReference; lastKnownFileType = unknown; name = Assets.xcassets; path = "Groceries/Resources/Assets.xcassets"; sourceTree = "<group>"; fileEncoding = 4; };
		7A7B0729E3DD4CC28098FD0D /* LaunchScreen.storyboard */ = {isa = PBXFileReference; lastKnownFileType = unknown; name = LaunchScreen.storyboard; path = "Groceries/Resources/LaunchScreen.storyboard"; sourceTree = "<group>"; fileEncoding = 4; };
		0E7655FCA6344FF0985654D2 /* add.png */ = {isa = PBXFileReference; lastKnownFileType = image.png; name = add.png; path = "Groceries/Resources/add.png"; sourceTree = "<group>"; };
		D61682828AD8486BA77C13ED /* add@2x.png */ = {isa = PBXFileReference; lastKnownFileType = image.png; name = "add@2x.png"; path = "Groceries/Resources/add@2x.png"; sourceTree = "<group>"; };
		33F186E919384023835D6A9F /* add@3x.png */ = {isa = PBXFileReference; lastKnownFileType = image.png; name = "add@3x.png"; path = "Groceries/Resources/add@3x.png"; sourceTree = "<group>"; };
		BE768CA31D604503868C0336 /* apple.png */ = {isa = PBXFileReference; lastKnownFileType = image.png; name = apple.png; path = "Groceries/Resources/apple.png"; sourceTree = "<group>"; };
		57E80D82AA934982A07E3E4E /* apple@2x.png */ = {isa = PBXFileReference; lastKnownFileType = image.png; name = "apple@2x.png"; path = "Groceries/Resources/apple@2x.png"; sourceTree = "<group>"; };
		456CCE42382348F0B5E4E521 /* apple@3x.png */ = {isa = PBXFileReference; lastKnownFileType = image.png; name = "apple@3x.png"; path = "Groceries/Resources/apple@3x.png"; sourceTree = "<group>"; };
		6C44178E1B524B7D9FCEC621 /* banana.png */ = {isa = PBXFileReference; lastKnownFileType = image.png; name = banana.png; path = "Groceries/Resources/banana.png"; sourceTree = "<group>"; };
		1485F9ED9F784C1EA8434F96 /* banana@2x.png */ = {isa = PBXFileReference; lastKnownFileType = image.png; name = "banana@2x.png"; path = "Groceries/Resources/banana@2x.png"; sourceTree = "<group>"; };
		DEB20DA099C1448FBA881C4B /* banana@3x.png */ = {isa = PBXFileReference; lastKnownFileType = image.png; name = "banana@3x.png"; path = "Groceries/Resources/banana@3x.png"; sourceTree = "<group>"; };
		0123C37BA66D4E16A28F5789 /* bg_inner.jpg */ = {isa = PBXFileReference; lastKnownFileType = unknown; name = bg_inner.jpg; path = "Groceries/Resources/bg_inner.jpg"; sourceTree = "<group>"; fileEncoding = 4; };
		E726FFD1D45D4548951889FD /* bg_inner@2x.jpg */ = {isa = PBXFileReference; lastKnownFileType = unknown; name = "bg_inner@2x.jpg"; path = "Groceries/Resources/bg_inner@2x.jpg"; sourceTree = "<group>"; fileEncoding = 4; };
		CB820E36BC7D483F86EAF30A /* bg_inner@3x.jpg */ = {isa = PBXFileReference; lastKnownFileType = unknown; name = "bg_inner@3x.jpg"; path = "Groceries/Resources/bg_inner@3x.jpg"; sourceTree = "<group>"; fileEncoding = 4; };
		9E4C53770DC2435CA7BE0B4F /* bg_login.jpg */ = {isa = PBXFileReference; lastKnownFileType = unknown; name = bg_login.jpg; path = "Groceries/Resources/bg_login.jpg"; sourceTree = "<group>"; fileEncoding = 4; };
		0D158C4FBAEA4C5E861CECA2 /* bg_login@2x.jpg */ = {isa = PBXFileReference; lastKnownFileType = unknown; name = "bg_login@2x.jpg"; path = "Groceries/Resources/bg_login@2x.jpg"; sourceTree = "<group>"; fileEncoding = 4; };
		6AAD8B0034EB4D68B0B295D5 /* bg_login@3x.jpg */ = {isa = PBXFileReference; lastKnownFileType = unknown; name = "bg_login@3x.jpg"; path = "Groceries/Resources/bg_login@3x.jpg"; sourceTree = "<group>"; fileEncoding = 4; };
		F714481254304EDFA4304C67 /* build.xcconfig */ = {isa = PBXFileReference; lastKnownFileType = unknown; name = build.xcconfig; path = "Groceries/Resources/build.xcconfig"; sourceTree = "<group>"; fileEncoding = 4; };
		0B4979EECC334EB786E143D0 /* checked.png */ = {isa = PBXFileReference; lastKnownFileType = image.png; name = checked.png; path = "Groceries/Resources/checked.png"; sourceTree = "<group>"; };
		7CB3D91A6CB941089CA5DEAF /* checked@2x.png */ = {isa = PBXFileReference; lastKnownFileType = image.png; name = "checked@2x.png"; path = "Groceries/Resources/checked@2x.png"; sourceTree = "<group>"; };
		5C305F473B8F4C8CA5624966 /* checked@3x.png */ = {isa = PBXFileReference; lastKnownFileType = image.png; name = "checked@3x.png"; path = "Groceries/Resources/checked@3x.png"; sourceTree = "<group>"; };
		F8F71E112B8D484F88472517 /* checked_white.png */ = {isa = PBXFileReference; lastKnownFileType = image.png; name = checked_white.png; path = "Groceries/Resources/checked_white.png"; sourceTree = "<group>"; };
		0C470DF3653248B095747279 /* checked_white@2x.png */ = {isa = PBXFileReference; lastKnownFileType = image.png; name = "checked_white@2x.png"; path = "Groceries/Resources/checked_white@2x.png"; sourceTree = "<group>"; };
		034E38C8AA124F8DA20E1016 /* checked_white@3x.png */ = {isa = PBXFileReference; lastKnownFileType = image.png; name = "checked_white@3x.png"; path = "Groceries/Resources/checked_white@3x.png"; sourceTree = "<group>"; };
		75A634413F104CA08031F761 /* delete.png */ = {isa = PBXFileReference; lastKnownFileType = image.png; name = delete.png; path = "Groceries/Resources/delete.png"; sourceTree = "<group>"; };
		F9439D79D3F140448597EB0E /* delete@2x.png */ = {isa = PBXFileReference; lastKnownFileType = image.png; name = "delete@2x.png"; path = "Groceries/Resources/delete@2x.png"; sourceTree = "<group>"; };
		D6A948E80B3A49C9ABD2BC61 /* delete@3x.png */ = {isa = PBXFileReference; lastKnownFileType = image.png; name = "delete@3x.png"; path = "Groceries/Resources/delete@3x.png"; sourceTree = "<group>"; };
		4486CC47ABA141D987BEE5E3 /* logo_login.png */ = {isa = PBXFileReference; lastKnownFileType = image.png; name = logo_login.png; path = "Groceries/Resources/logo_login.png"; sourceTree = "<group>"; };
		DC83F68F500B4CCC9CDA4994 /* logo_login@2x.png */ = {isa = PBXFileReference; lastKnownFileType = image.png; name = "logo_login@2x.png"; path = "Groceries/Resources/logo_login@2x.png"; sourceTree = "<group>"; };
		5019F68A4EFD480285B98B73 /* logo_login@3x.png */ = {isa = PBXFileReference; lastKnownFileType = image.png; name = "logo_login@3x.png"; path = "Groceries/Resources/logo_login@3x.png"; sourceTree = "<group>"; };
		5154AA527B824AB680526B31 /* logo_signup.png */ = {isa = PBXFileReference; lastKnownFileType = image.png; name = logo_signup.png; path = "Groceries/Resources/logo_signup.png"; sourceTree = "<group>"; };
		F177AE3696054F2FA770B6A3 /* logo_signup@2x.png */ = {isa = PBXFileReference; lastKnownFileType = image.png; name = "logo_signup@2x.png"; path = "Groceries/Resources/logo_signup@2x.png"; sourceTree = "<group>"; };
		C139E77A62B44E7CA289CBB4 /* logo_signup@3x.png */ = {isa = PBXFileReference; lastKnownFileType = image.png; name = "logo_signup@3x.png"; path = "Groceries/Resources/logo_signup@3x.png"; sourceTree = "<group>"; };
		03B89AEE44E049A786B2F227 /* menu.png */ = {isa = PBXFileReference; lastKnownFileType = image.png; name = menu.png; path = "Groceries/Resources/menu.png"; sourceTree = "<group>"; };
		B2BB27050F7F4D0CA675122A /* menu@2x.png */ = {isa = PBXFileReference; lastKnownFileType = image.png; name = "menu@2x.png"; path = "Groceries/Resources/menu@2x.png"; sourceTree = "<group>"; };
		23C16DEF4949401797E13D6C /* menu@3x.png */ = {isa = PBXFileReference; lastKnownFileType = image.png; name = "menu@3x.png"; path = "Groceries/Resources/menu@3x.png"; sourceTree = "<group>"; };
		923649FAA52247B6AACC1D2A /* nonselected.png */ = {isa = PBXFileReference; lastKnownFileType = image.png; name = nonselected.png; path = "Groceries/Resources/nonselected.png"; sourceTree = "<group>"; };
		276039F1EAB8411CAEAE4BBA /* nonselected@2x.png */ = {isa = PBXFileReference; lastKnownFileType = image.png; name = "nonselected@2x.png"; path = "Groceries/Resources/nonselected@2x.png"; sourceTree = "<group>"; };
		C1DDE8F49BD840558281B2C6 /* nonselected@3x.png */ = {isa = PBXFileReference; lastKnownFileType = image.png; name = "nonselected@3x.png"; path = "Groceries/Resources/nonselected@3x.png"; sourceTree = "<group>"; };
		245819A023134453B1DB9C7D /* pear.png */ = {isa = PBXFileReference; lastKnownFileType = image.png; name = pear.png; path = "Groceries/Resources/pear.png"; sourceTree = "<group>"; };
		0D4689989A094E7ABDBAFDDD /* pear@2x.png */ = {isa = PBXFileReference; lastKnownFileType = image.png; name = "pear@2x.png"; path = "Groceries/Resources/pear@2x.png"; sourceTree = "<group>"; };
		C2AA3C2C0CDD4978935BE3D0 /* pear@3x.png */ = {isa = PBXFileReference; lastKnownFileType = image.png; name = "pear@3x.png"; path = "Groceries/Resources/pear@3x.png"; sourceTree = "<group>"; };
		98B98B4C536A434F8137FB6A /* recent.png */ = {isa = PBXFileReference; lastKnownFileType = image.png; name = recent.png; path = "Groceries/Resources/recent.png"; sourceTree = "<group>"; };
		5BCDCD5721D84E17BC91C364 /* recent@2x.png */ = {isa = PBXFileReference; lastKnownFileType = image.png; name = "recent@2x.png"; path = "Groceries/Resources/recent@2x.png"; sourceTree = "<group>"; };
		BED0D1D2C0D7440484263B19 /* recent@3x.png */ = {isa = PBXFileReference; lastKnownFileType = image.png; name = "recent@3x.png"; path = "Groceries/Resources/recent@3x.png"; sourceTree = "<group>"; };
		480BC4242AA140CF9B34B10F /* selected.png */ = {isa = PBXFileReference; lastKnownFileType = image.png; name = selected.png; path = "Groceries/Resources/selected.png"; sourceTree = "<group>"; };
		0F1C1BA06E3F4BDAB41297C7 /* selected@2x.png */ = {isa = PBXFileReference; lastKnownFileType = image.png; name = "selected@2x.png"; path = "Groceries/Resources/selected@2x.png"; sourceTree = "<group>"; };
		5087C163B59744AAA9101A6A /* selected@3x.png */ = {isa = PBXFileReference; lastKnownFileType = image.png; name = "selected@3x.png"; path = "Groceries/Resources/selected@3x.png"; sourceTree = "<group>"; };
		A75297E557234B90BF26BF25 /* unchecked.png */ = {isa = PBXFileReference; lastKnownFileType = image.png; name = unchecked.png; path = "Groceries/Resources/unchecked.png"; sourceTree = "<group>"; };
		DE625F1DDC6E434ABB83813A /* unchecked@2x.png */ = {isa = PBXFileReference; lastKnownFileType = image.png; name = "unchecked@2x.png"; path = "Groceries/Resources/unchecked@2x.png"; sourceTree = "<group>"; };
		E3E1BAC39A9947FD9BA84415 /* unchecked@3x.png */ = {isa = PBXFileReference; lastKnownFileType = image.png; name = "unchecked@3x.png"; path = "Groceries/Resources/unchecked@3x.png"; sourceTree = "<group>"; };
		6B485BA5F9CE4178BD194500 /* unchecked_white.png */ = {isa = PBXFileReference; lastKnownFileType = image.png; name = unchecked_white.png; path = "Groceries/Resources/unchecked_white.png"; sourceTree = "<group>"; };
		3A6C661C3129471BAC8A7594 /* unchecked_white@2x.png */ = {isa = PBXFileReference; lastKnownFileType = image.png; name = "unchecked_white@2x.png"; path = "Groceries/Resources/unchecked_white@2x.png"; sourceTree = "<group>"; };
		E96FAF1CFD4340D5A9194E30 /* unchecked_white@3x.png */ = {isa = PBXFileReference; lastKnownFileType = image.png; name = "unchecked_white@3x.png"; path = "Groceries/Resources/unchecked_white@3x.png"; sourceTree = "<group>"; };
		E3E9F8AA40BE473FBF15D378 /* NativeScriptEmbedder.h */ = {isa = PBXFileReference; lastKnownFileType = sourcecode.c.h; name = NativeScriptEmbedder.h; path = "../../node_modules/tns-core-modules/platforms/ios/src/NativeScriptEmbedder.h"; sourceTree = "<group>"; fileEncoding = 4; };
		E1ED6D4F94574A92B92872ED /* NativeScriptEmbedder.m */ = {isa = PBXFileReference; lastKnownFileType = sourcecode.c.objc; name = NativeScriptEmbedder.m; path = "../../node_modules/tns-core-modules/platforms/ios/src/NativeScriptEmbedder.m"; sourceTree = "<group>"; fileEncoding = 4; };
		9F8C28721BE74FDF99210016 /* TNSWidgets.framework */ = {isa = PBXFileReference; lastKnownFileType = wrapper.framework; name = TNSWidgets.framework; path = "$(SRCROOT)/../../node_modules/tns-core-modules-widgets/platforms/ios/TNSWidgets.framework"; sourceTree = "<group>"; };
/* End PBXFileReference section */

/* Begin PBXFrameworksBuildPhase section */
		858B83F418CA22B800AB12DE /* Frameworks */ = {
			isa = PBXFrameworksBuildPhase;
			buildActionMask = 2147483647;
			files = (
				F7D86E01CA9C4937B828F9F7 /* TNSWidgets.framework in Frameworks */,
			);
			runOnlyForDeploymentPostprocessing = 0;
		};
/* End PBXFrameworksBuildPhase section */

/* Begin PBXGroup section */
		858B832518CA111C00AB12DE = {
			isa = PBXGroup;
			children = (
				E070579D1B39A9D000214BF1 /* Resources */,
				858B833718CA111C00AB12DE /* Groceries */,
				858B833018CA111C00AB12DE /* Frameworks */,
				858B832F18CA111C00AB12DE /* Products */,
				BD5346089B2C4EB592B1DCDF /* TNSNativeSource */,
				2538A91DBED64663BD00D4C7 /* tns-core-modules */,
			);
			sourceTree = "<group>";
		};
		858B832F18CA111C00AB12DE /* Products */ = {
			isa = PBXGroup;
			children = (
				858B832E18CA111C00AB12DE /* Groceries.app */,
				858B843318CA22B800AB12DE /* Groceries.app */,
			);
			name = Products;
			sourceTree = "<group>";
		};
		858B833018CA111C00AB12DE /* Frameworks */ = {
			isa = PBXGroup;
			children = (
				9F8C28721BE74FDF99210016 /* TNSWidgets.framework */,
			);
			name = Frameworks;
			sourceTree = "<group>";
		};
		858B833718CA111C00AB12DE /* Groceries */ = {
			isa = PBXGroup;
			children = (
				CD45EE7A18DC2D5800FB50C0 /* app */,
				858B833818CA111C00AB12DE /* Supporting Files */,
			);
			path = Groceries;
			sourceTree = "<group>";
		};
		858B833818CA111C00AB12DE /* Supporting Files */ = {
			isa = PBXGroup;
			children = (
				CDF4743E1BA4855C0087EA85 /* build.xcconfig */,
				CDD59A261BB43B5D00EC2671 /* build-debug.xcconfig */,
				CDD59A271BB43B5D00EC2671 /* build-release.xcconfig */,
				858B833918CA111C00AB12DE /* Groceries-Info.plist */,
				858B833A18CA111C00AB12DE /* InfoPlist.strings */,
				CD62955C1BB2678900AE3A93 /* main.m */,
				858B833F18CA111C00AB12DE /* Groceries-Prefix.pch */,
			);
			name = "Supporting Files";
			sourceTree = "<group>";
		};
		E070579D1B39A9D000214BF1 /* Resources */ = {
			isa = PBXGroup;
			children = (
				642019FFC8FF4E8E9A575F90 /* Assets.xcassets */,
				7A7B0729E3DD4CC28098FD0D /* LaunchScreen.storyboard */,
				0E7655FCA6344FF0985654D2 /* add.png */,
				D61682828AD8486BA77C13ED /* add@2x.png */,
				33F186E919384023835D6A9F /* add@3x.png */,
				BE768CA31D604503868C0336 /* apple.png */,
				57E80D82AA934982A07E3E4E /* apple@2x.png */,
				456CCE42382348F0B5E4E521 /* apple@3x.png */,
				6C44178E1B524B7D9FCEC621 /* banana.png */,
				1485F9ED9F784C1EA8434F96 /* banana@2x.png */,
				DEB20DA099C1448FBA881C4B /* banana@3x.png */,
				0123C37BA66D4E16A28F5789 /* bg_inner.jpg */,
				E726FFD1D45D4548951889FD /* bg_inner@2x.jpg */,
				CB820E36BC7D483F86EAF30A /* bg_inner@3x.jpg */,
				9E4C53770DC2435CA7BE0B4F /* bg_login.jpg */,
				0D158C4FBAEA4C5E861CECA2 /* bg_login@2x.jpg */,
				6AAD8B0034EB4D68B0B295D5 /* bg_login@3x.jpg */,
				F714481254304EDFA4304C67 /* build.xcconfig */,
				0B4979EECC334EB786E143D0 /* checked.png */,
				7CB3D91A6CB941089CA5DEAF /* checked@2x.png */,
				5C305F473B8F4C8CA5624966 /* checked@3x.png */,
				F8F71E112B8D484F88472517 /* checked_white.png */,
				0C470DF3653248B095747279 /* checked_white@2x.png */,
				034E38C8AA124F8DA20E1016 /* checked_white@3x.png */,
				75A634413F104CA08031F761 /* delete.png */,
				F9439D79D3F140448597EB0E /* delete@2x.png */,
				D6A948E80B3A49C9ABD2BC61 /* delete@3x.png */,
				4486CC47ABA141D987BEE5E3 /* logo_login.png */,
				DC83F68F500B4CCC9CDA4994 /* logo_login@2x.png */,
				5019F68A4EFD480285B98B73 /* logo_login@3x.png */,
				5154AA527B824AB680526B31 /* logo_signup.png */,
				F177AE3696054F2FA770B6A3 /* logo_signup@2x.png */,
				C139E77A62B44E7CA289CBB4 /* logo_signup@3x.png */,
				03B89AEE44E049A786B2F227 /* menu.png */,
				B2BB27050F7F4D0CA675122A /* menu@2x.png */,
				23C16DEF4949401797E13D6C /* menu@3x.png */,
				923649FAA52247B6AACC1D2A /* nonselected.png */,
				276039F1EAB8411CAEAE4BBA /* nonselected@2x.png */,
				C1DDE8F49BD840558281B2C6 /* nonselected@3x.png */,
				245819A023134453B1DB9C7D /* pear.png */,
				0D4689989A094E7ABDBAFDDD /* pear@2x.png */,
				C2AA3C2C0CDD4978935BE3D0 /* pear@3x.png */,
				98B98B4C536A434F8137FB6A /* recent.png */,
				5BCDCD5721D84E17BC91C364 /* recent@2x.png */,
				BED0D1D2C0D7440484263B19 /* recent@3x.png */,
				480BC4242AA140CF9B34B10F /* selected.png */,
				0F1C1BA06E3F4BDAB41297C7 /* selected@2x.png */,
				5087C163B59744AAA9101A6A /* selected@3x.png */,
				A75297E557234B90BF26BF25 /* unchecked.png */,
				DE625F1DDC6E434ABB83813A /* unchecked@2x.png */,
				E3E1BAC39A9947FD9BA84415 /* unchecked@3x.png */,
				6B485BA5F9CE4178BD194500 /* unchecked_white.png */,
				3A6C661C3129471BAC8A7594 /* unchecked_white@2x.png */,
				E96FAF1CFD4340D5A9194E30 /* unchecked_white@3x.png */,
			);
			name = Resources;
			sourceTree = "<group>";
		};
		BD5346089B2C4EB592B1DCDF /* TNSNativeSource */ = {
			isa = PBXGroup;
			children = (
			);
			name = TNSNativeSource;
			sourceTree = "<group>";
		};
		2538A91DBED64663BD00D4C7 /* tns-core-modules */ = {
			isa = PBXGroup;
			children = (
				E3E9F8AA40BE473FBF15D378 /* NativeScriptEmbedder.h */,
				E1ED6D4F94574A92B92872ED /* NativeScriptEmbedder.m */,
			);
			name = tns-core-modules;
			sourceTree = "<group>";
		};
/* End PBXGroup section */

/* Begin PBXNativeTarget section */
		858B83EF18CA22B800AB12DE /* Groceries */ = {
			isa = PBXNativeTarget;
			buildConfigurationList = 858B843018CA22B800AB12DE /* Build configuration list for PBXNativeTarget "Groceries" */;
			buildPhases = (
				C97FD7AC1ADE5369004DB2A4 /* NativeScript PreBuild */,
				858B83F218CA22B800AB12DE /* Sources */,
				CD62955B1BB2651D00AE3A93 /* NativeScript PreLink */,
				858B83F418CA22B800AB12DE /* Frameworks */,
				858B842C18CA22B800AB12DE /* Resources */,
				85F5BDFC1A9363BE006B9701 /* Embed Frameworks */,
				CD3EAD351B05FF060042DBFC /* NativeScript PostBuild */,
			);
			buildRules = (
			);
			dependencies = (
			);
			name = Groceries;
			productName = JDBridgeApp;
			productReference = 858B843318CA22B800AB12DE /* Groceries.app */;
			productType = "com.apple.product-type.application";
		};
/* End PBXNativeTarget section */

/* Begin PBXProject section */
		858B832618CA111C00AB12DE /* Project object */ = {
			isa = PBXProject;
			attributes = {
				CLASSPREFIX = TNS;
				LastUpgradeCheck = 500;
				ORGANIZATIONNAME = Telerik;
			};
			buildConfigurationList = 858B832918CA111C00AB12DE /* Build configuration list for PBXProject "Groceries" */;
			compatibilityVersion = "Xcode 3.2";
			developmentRegion = English;
			hasScannedForEncodings = 0;
			knownRegions = (
				en,
			);
			mainGroup = 858B832518CA111C00AB12DE;
			productRefGroup = 858B832F18CA111C00AB12DE /* Products */;
			projectDirPath = "";
			projectRoot = "";
			targets = (
				858B83EF18CA22B800AB12DE /* Groceries */,
			);
		};
/* End PBXProject section */

/* Begin PBXResourcesBuildPhase section */
		858B842C18CA22B800AB12DE /* Resources */ = {
			isa = PBXResourcesBuildPhase;
			buildActionMask = 2147483647;
			files = (
				CD45EE7C18DC2D5800FB50C0 /* app in Resources */,
				858B842D18CA22B800AB12DE /* InfoPlist.strings in Resources */,
				380300299A9041CABC2764A4 /* Assets.xcassets in Resources */,
				BB6C9EABC07443778CD06A3B /* LaunchScreen.storyboard in Resources */,
				FCDD038CFC89434C9EF25404 /* add.png in Resources */,
				787A36A77E7845DABB70E34C /* add@2x.png in Resources */,
				C7DAD0F29CB94DA0AFB47DF4 /* add@3x.png in Resources */,
				1A31CD5DF6D24B529AFF8A4E /* apple.png in Resources */,
				9A2765EF98314AE99A674243 /* apple@2x.png in Resources */,
				60721C8DA0BF4375A2D2D341 /* apple@3x.png in Resources */,
				6204FABC696C4FA7ADB53C75 /* banana.png in Resources */,
				73BC144CA89C406D8613DDB1 /* banana@2x.png in Resources */,
				E354ACEDBB4145029A59A804 /* banana@3x.png in Resources */,
				85ED52C19FDD44199632E8B9 /* bg_inner.jpg in Resources */,
				BAF3BF9F8B904792A1F2D785 /* bg_inner@2x.jpg in Resources */,
				64CB18A1C5004173872FEA4C /* bg_inner@3x.jpg in Resources */,
				368527E4839D4312A802053F /* bg_login.jpg in Resources */,
				57DD42F9BCD6495A82607821 /* bg_login@2x.jpg in Resources */,
				110BB5C2EDFA4489BA2BB19F /* bg_login@3x.jpg in Resources */,
				57F9BDA32886401E9FC0961E /* build.xcconfig in Resources */,
				6C1F575AA6604B94940321F4 /* checked.png in Resources */,
				CA63BB19901848CCB16C47D4 /* checked@2x.png in Resources */,
				A49AFDEB7B66425D9B714038 /* checked@3x.png in Resources */,
				40E1FBD297E4448DB5C1A316 /* checked_white.png in Resources */,
				35C6D25E117344748A7A59D4 /* checked_white@2x.png in Resources */,
				919326E6317B4DF599D5CA65 /* checked_white@3x.png in Resources */,
				F1133A9621F84244A67DD535 /* delete.png in Resources */,
				94C5DB785F614D31B9E2DBEA /* delete@2x.png in Resources */,
				2536D8769E3346CAA8663AC1 /* delete@3x.png in Resources */,
				C0C48B6881F04CC6B48B1872 /* logo_login.png in Resources */,
				7F997103BA9C4294A5628322 /* logo_login@2x.png in Resources */,
				F661C25F5A44403A8AD4E3C2 /* logo_login@3x.png in Resources */,
				3E295A271F104643AA427D65 /* logo_signup.png in Resources */,
				E5230920F40049179828169E /* logo_signup@2x.png in Resources */,
				40C5FD220FE74BAA871D0FCB /* logo_signup@3x.png in Resources */,
				8828507CAC924B40A486603F /* menu.png in Resources */,
				7B120B8A3D2146A08B845B0D /* menu@2x.png in Resources */,
				F141ED293D064710AB86B024 /* menu@3x.png in Resources */,
				1AE80FA68DA44158A985C3B1 /* nonselected.png in Resources */,
				36C97F65E7C24ED684D13682 /* nonselected@2x.png in Resources */,
				7A1A6E8446194F68AEE0ED67 /* nonselected@3x.png in Resources */,
				6E63E0E325A145C39BE38ED4 /* pear.png in Resources */,
				5B4BB59422C14808A8451065 /* pear@2x.png in Resources */,
				B734AF5907C24A3A9F06CEEC /* pear@3x.png in Resources */,
				5031CA079F414ACD9C5A430E /* recent.png in Resources */,
				C4D80924CA5E4AD3B7B9890B /* recent@2x.png in Resources */,
				04B0508E07CB4E9494EDFD1D /* recent@3x.png in Resources */,
				D249073D8235423D8CB922A8 /* selected.png in Resources */,
				1D70EC302A1143748F5A1E48 /* selected@2x.png in Resources */,
				55ED556939174C7AB2163D34 /* selected@3x.png in Resources */,
				58832A59DF954481A94B7BCA /* unchecked.png in Resources */,
				6B72A882D92F4524B61CAB97 /* unchecked@2x.png in Resources */,
				C624D96C927146EE9731E378 /* unchecked@3x.png in Resources */,
				80BF448274D8475789EF3EF3 /* unchecked_white.png in Resources */,
				2CA85862589E42739540ED98 /* unchecked_white@2x.png in Resources */,
				739639C804864778B1FAB190 /* unchecked_white@3x.png in Resources */,
			);
			runOnlyForDeploymentPostprocessing = 0;
		};
/* End PBXResourcesBuildPhase section */

/* Begin PBXShellScriptBuildPhase section */
		C97FD7AC1ADE5369004DB2A4 /* NativeScript PreBuild */ = {
			isa = PBXShellScriptBuildPhase;
			buildActionMask = 2147483647;
			files = (
			);
			inputPaths = (
			);
			name = "NativeScript PreBuild";
			outputPaths = (
			);
			runOnlyForDeploymentPostprocessing = 0;
			shellPath = /bin/sh;
			shellScript = "\"$SRCROOT/internal/nativescript-pre-build\"";
			showEnvVarsInLog = 0;
		};
		CD3EAD351B05FF060042DBFC /* NativeScript PostBuild */ = {
			isa = PBXShellScriptBuildPhase;
			buildActionMask = 2147483647;
			files = (
			);
			inputPaths = (
			);
			name = "NativeScript PostBuild";
			outputPaths = (
			);
			runOnlyForDeploymentPostprocessing = 0;
			shellPath = /bin/sh;
			shellScript = "\"$SRCROOT/internal/nativescript-post-build\"";
			showEnvVarsInLog = 0;
		};
		CD62955B1BB2651D00AE3A93 /* NativeScript PreLink */ = {
			isa = PBXShellScriptBuildPhase;
			buildActionMask = 2147483647;
			files = (
			);
			inputPaths = (
			);
			name = "NativeScript PreLink";
			outputPaths = (
			);
			runOnlyForDeploymentPostprocessing = 0;
			shellPath = /bin/sh;
			shellScript = "\"$SRCROOT/internal/nativescript-pre-link\"";
			showEnvVarsInLog = 0;
		};
/* End PBXShellScriptBuildPhase section */

/* Begin PBXSourcesBuildPhase section */
		858B83F218CA22B800AB12DE /* Sources */ = {
			isa = PBXSourcesBuildPhase;
			buildActionMask = 2147483647;
			files = (
				CD62955D1BB2678900AE3A93 /* main.m in Sources */,
				4C786E50CB7C4E14B101E12D /* NativeScriptEmbedder.m in Sources */,
			);
			runOnlyForDeploymentPostprocessing = 0;
		};
/* End PBXSourcesBuildPhase section */

/* Begin PBXVariantGroup section */
		858B833A18CA111C00AB12DE /* InfoPlist.strings */ = {
			isa = PBXVariantGroup;
			children = (
				858B833B18CA111C00AB12DE /* en */,
			);
			name = InfoPlist.strings;
			sourceTree = "<group>";
		};
/* End PBXVariantGroup section */

/* Begin XCBuildConfiguration section */
		858B835818CA111C00AB12DE /* Debug */ = {
			isa = XCBuildConfiguration;
			buildSettings = {
				ALWAYS_SEARCH_USER_PATHS = NO;
				ARCHS = "$(ARCHS_STANDARD)";
				CLANG_CXX_LANGUAGE_STANDARD = "gnu++0x";
				CLANG_CXX_LIBRARY = "libc++";
				CLANG_ENABLE_MODULES = YES;
				CLANG_ENABLE_OBJC_ARC = YES;
				CLANG_WARN_BOOL_CONVERSION = YES;
				CLANG_WARN_CONSTANT_CONVERSION = YES;
				CLANG_WARN_DIRECT_OBJC_ISA_USAGE = YES_ERROR;
				CLANG_WARN_EMPTY_BODY = YES;
				CLANG_WARN_ENUM_CONVERSION = YES;
				CLANG_WARN_INT_CONVERSION = YES;
				CLANG_WARN_OBJC_ROOT_CLASS = YES_ERROR;
				CLANG_WARN__DUPLICATE_METHOD_MATCH = YES;
				"CODE_SIGN_IDENTITY[sdk=iphoneos*]" = "iPhone Developer";
				COPY_PHASE_STRIP = NO;
				GCC_C_LANGUAGE_STANDARD = gnu99;
				GCC_DYNAMIC_NO_PIC = NO;
				GCC_OPTIMIZATION_LEVEL = 0;
				GCC_SYMBOLS_PRIVATE_EXTERN = NO;
				GCC_WARN_64_TO_32_BIT_CONVERSION = YES;
				GCC_WARN_ABOUT_RETURN_TYPE = YES_ERROR;
				GCC_WARN_UNDECLARED_SELECTOR = YES;
				GCC_WARN_UNINITIALIZED_AUTOS = YES;
				GCC_WARN_UNUSED_FUNCTION = YES;
				GCC_WARN_UNUSED_VARIABLE = YES;
				IPHONEOS_DEPLOYMENT_TARGET = 9.0;
				ONLY_ACTIVE_ARCH = YES;
				SDKROOT = iphoneos;
				TARGETED_DEVICE_FAMILY = "1,2";
				VALID_ARCHS = "armv7 arm64";
			};
			name = Debug;
		};
		858B835918CA111C00AB12DE /* Release */ = {
			isa = XCBuildConfiguration;
			buildSettings = {
				ALWAYS_SEARCH_USER_PATHS = NO;
				ARCHS = "$(ARCHS_STANDARD)";
				CLANG_CXX_LANGUAGE_STANDARD = "gnu++0x";
				CLANG_CXX_LIBRARY = "libc++";
				CLANG_ENABLE_MODULES = YES;
				CLANG_ENABLE_OBJC_ARC = YES;
				CLANG_WARN_BOOL_CONVERSION = YES;
				CLANG_WARN_CONSTANT_CONVERSION = YES;
				CLANG_WARN_DIRECT_OBJC_ISA_USAGE = YES_ERROR;
				CLANG_WARN_EMPTY_BODY = YES;
				CLANG_WARN_ENUM_CONVERSION = YES;
				CLANG_WARN_INT_CONVERSION = YES;
				CLANG_WARN_OBJC_ROOT_CLASS = YES_ERROR;
				CLANG_WARN__DUPLICATE_METHOD_MATCH = YES;
				"CODE_SIGN_IDENTITY[sdk=iphoneos*]" = "iPhone Developer";
				COPY_PHASE_STRIP = YES;
				ENABLE_NS_ASSERTIONS = NO;
				GCC_C_LANGUAGE_STANDARD = gnu99;
				GCC_WARN_64_TO_32_BIT_CONVERSION = YES;
				GCC_WARN_ABOUT_RETURN_TYPE = YES_ERROR;
				GCC_WARN_UNDECLARED_SELECTOR = YES;
				GCC_WARN_UNINITIALIZED_AUTOS = YES;
				GCC_WARN_UNUSED_FUNCTION = YES;
				GCC_WARN_UNUSED_VARIABLE = YES;
				IPHONEOS_DEPLOYMENT_TARGET = 9.0;
				SDKROOT = iphoneos;
				TARGETED_DEVICE_FAMILY = "1,2";
				VALIDATE_PRODUCT = YES;
				VALID_ARCHS = "armv7 arm64";
			};
			name = Release;
		};
		858B843118CA22B800AB12DE /* Debug */ = {
			isa = XCBuildConfiguration;
			baseConfigurationReference = CDD59A261BB43B5D00EC2671 /* build-debug.xcconfig */;
			buildSettings = {
				ARCHS = "$(ARCHS_STANDARD)";
				ENABLE_BITCODE = NO;
				GCC_PRECOMPILE_PREFIX_HEADER = YES;
				GCC_PREFIX_HEADER = "Groceries/Groceries-Prefix.pch";
				GCC_PREPROCESSOR_DEFINITIONS = (
					"$(inherited)",
					"DEBUG=1",
				);
				INFOPLIST_FILE = "$(SRCROOT)/Groceries/Groceries-Info.plist";
				LD_RUNPATH_SEARCH_PATHS = "$(inherited) @executable_path/Frameworks";
				PRODUCT_NAME = Groceries;
				VALID_ARCHS = "armv7 arm64";
				WRAPPER_EXTENSION = app;
				HEADER_SEARCH_PATHS = (
					"$(inherited)",
					"\"$(SRCROOT)/../../App_Resources/iOS/src\"",
					"\"$(SRCROOT)/../../node_modules/tns-core-modules/platforms/ios/src\"",
				);
				FRAMEWORK_SEARCH_PATHS = (
					"$(inherited)",
					"\"$(SRCROOT)/../../node_modules/tns-core-modules-widgets/platforms/ios\"",
				);
			};
			name = Debug;
		};
		858B843218CA22B800AB12DE /* Release */ = {
			isa = XCBuildConfiguration;
			baseConfigurationReference = CDD59A271BB43B5D00EC2671 /* build-release.xcconfig */;
			buildSettings = {
				ARCHS = "$(ARCHS_STANDARD)";
				ENABLE_BITCODE = NO;
				GCC_PRECOMPILE_PREFIX_HEADER = YES;
				GCC_PREFIX_HEADER = "Groceries/Groceries-Prefix.pch";
				INFOPLIST_FILE = "$(SRCROOT)/Groceries/Groceries-Info.plist";
				LD_RUNPATH_SEARCH_PATHS = "$(inherited) @executable_path/Frameworks";
				PRODUCT_NAME = Groceries;
				VALID_ARCHS = "armv7 arm64";
				WRAPPER_EXTENSION = app;
				HEADER_SEARCH_PATHS = (
					"$(inherited)",
					"\"$(SRCROOT)/../../App_Resources/iOS/src\"",
					"\"$(SRCROOT)/../../node_modules/tns-core-modules/platforms/ios/src\"",
				);
				FRAMEWORK_SEARCH_PATHS = (
					"$(inherited)",
					"\"$(SRCROOT)/../../node_modules/tns-core-modules-widgets/platforms/ios\"",
				);
			};
			name = Release;
		};
/* End XCBuildConfiguration section */

/* Begin XCConfigurationList section */
		858B832918CA111C00AB12DE /* Build configuration list for PBXProject "Groceries" */ = {
			isa = XCConfigurationList;
			buildConfigurations = (
				858B835818CA111C00AB12DE /* Debug */,
				858B835918CA111C00AB12DE /* Release */,
			);
			defaultConfigurationIsVisible = 0;
			defaultConfigurationName = Release;
		};
		858B843018CA22B800AB12DE /* Build configuration list for PBXNativeTarget "Groceries" */ = {
			isa = XCConfigurationList;
			buildConfigurations = (
				858B843118CA22B800AB12DE /* Debug */,
				858B843218CA22B800AB12DE /* Release */,
			);
			defaultConfigurationIsVisible = 0;
			defaultConfigurationName = Release;
		};
/* End XCConfigurationList section */
	};
	rootObject = 858B832618CA111C00AB12DE /* Project object */;
}
